
Microsoft Visual Studio Solution File, Format Version 12.00
# Visual Studio Version 16
VisualStudioVersion = 16.0.30114.105
MinimumVisualStudioVersion = 10.0.40219.1
Project("{FAE04EC0-301F-11D3-BF4B-00C04F79EFBC}") = "QuantityMesurement_API", "QuantityMesurement_API\QuantityMesurement_API.csproj", "{D2A1D6DA-0249-439A-80AD-3DAAD678C8EE}"
EndProject
Project("{FAE04EC0-301F-11D3-BF4B-00C04F79EFBC}") = "QMRepositoryLayer", "QMRepositoryLayer\QMRepositoryLayer.csproj", "{2CB4B90A-5D2F-48C9-9073-FBAA75BF8D3B}"
EndProject
Project("{FAE04EC0-301F-11D3-BF4B-00C04F79EFBC}") = "QMCommanLayer", "QMCommanLayer\QMCommanLayer.csproj", "{D14C06BF-70AF-4394-970D-AAAA29BE054D}"
EndProject
Project("{FAE04EC0-301F-11D3-BF4B-00C04F79EFBC}") = "QMBusinessLayer", "QMBusinessLayer\QMBusinessLayer.csproj", "{9DA72171-FC52-4CBA-A120-1907FB058BAC}"
EndProject
Project("{FAE04EC0-301F-11D3-BF4B-00C04F79EFBC}") = "QMTestAPI", "QMTestAPI\QMTestAPI.csproj", "{97ABEE3A-86DB-4CBB-BD02-43C35A1887A5}"
EndProject
Global
	GlobalSection(SolutionConfigurationPlatforms) = preSolution
		Debug|Any CPU = Debug|Any CPU
		Release|Any CPU = Release|Any CPU
	EndGlobalSection
	GlobalSection(ProjectConfigurationPlatforms) = postSolution
		{D2A1D6DA-0249-439A-80AD-3DAAD678C8EE}.Debug|Any CPU.ActiveCfg = Debug|Any CPU
		{D2A1D6DA-0249-439A-80AD-3DAAD678C8EE}.Debug|Any CPU.Build.0 = Debug|Any CPU
		{D2A1D6DA-0249-439A-80AD-3DAAD678C8EE}.Release|Any CPU.ActiveCfg = Release|Any CPU
		{D2A1D6DA-0249-439A-80AD-3DAAD678C8EE}.Release|Any CPU.Build.0 = Release|Any CPU
		{2CB4B90A-5D2F-48C9-9073-FBAA75BF8D3B}.Debug|Any CPU.ActiveCfg = Debug|Any CPU
		{2CB4B90A-5D2F-48C9-9073-FBAA75BF8D3B}.Debug|Any CPU.Build.0 = Debug|Any CPU
		{2CB4B90A-5D2F-48C9-9073-FBAA75BF8D3B}.Release|Any CPU.ActiveCfg = Release|Any CPU
		{2CB4B90A-5D2F-48C9-9073-FBAA75BF8D3B}.Release|Any CPU.Build.0 = Release|Any CPU
		{D14C06BF-70AF-4394-970D-AAAA29BE054D}.Debug|Any CPU.ActiveCfg = Debug|Any CPU
		{D14C06BF-70AF-4394-970D-AAAA29BE054D}.Debug|Any CPU.Build.0 = Debug|Any CPU
		{D14C06BF-70AF-4394-970D-AAAA29BE054D}.Release|Any CPU.ActiveCfg = Release|Any CPU
		{D14C06BF-70AF-4394-970D-AAAA29BE054D}.Release|Any CPU.Build.0 = Release|Any CPU
		{9DA72171-FC52-4CBA-A120-1907FB058BAC}.Debug|Any CPU.ActiveCfg = Debug|Any CPU
		{9DA72171-FC52-4CBA-A120-1907FB058BAC}.Debug|Any CPU.Build.0 = Debug|Any CPU
		{9DA72171-FC52-4CBA-A120-1907FB058BAC}.Release|Any CPU.ActiveCfg = Release|Any CPU
		{9DA72171-FC52-4CBA-A120-1907FB058BAC}.Release|Any CPU.Build.0 = Release|Any CPU
		{97ABEE3A-86DB-4CBB-BD02-43C35A1887A5}.Debug|Any CPU.ActiveCfg = Debug|Any CPU
		{97ABEE3A-86DB-4CBB-BD02-43C35A1887A5}.Debug|Any CPU.Build.0 = Debug|Any CPU
		{97ABEE3A-86DB-4CBB-BD02-43C35A1887A5}.Release|Any CPU.ActiveCfg = Release|Any CPU
		{97ABEE3A-86DB-4CBB-BD02-43C35A1887A5}.Release|Any CPU.Build.0 = Release|Any CPU
	EndGlobalSection
	GlobalSection(SolutionProperties) = preSolution
		HideSolutionNode = FALSE
	EndGlobalSection
	GlobalSection(ExtensibilityGlobals) = postSolution
		SolutionGuid = {68A13814-9DFF-4DEA-A5B7-6DCBB9469D67}
	EndGlobalSection
EndGlobal
